// !$*UTF8*$!
{
	archiveVersion = 1;
	classes = {
	};
	objectVersion = 46;
	objects = {

/* Begin PBXBuildFile section */
		A2372ADC1B515E2B00D3FECB /* main.m in Sources */ = {isa = PBXBuildFile; fileRef = A2372ADB1B515E2B00D3FECB /* main.m */; };
		A2AFD42F1B51FE550003C5FF /* XYZPerson.m in Sources */ = {isa = PBXBuildFile; fileRef = A2AFD42E1B51FE550003C5FF /* XYZPerson.m */; };
		A2AFD4321B520A160003C5FF /* XYZShoutingPerson.m in Sources */ = {isa = PBXBuildFile; fileRef = A2AFD4311B520A160003C5FF /* XYZShoutingPerson.m */; };
/* End PBXBuildFile section */

/* Begin PBXCopyFilesBuildPhase section */
		A2372AD61B515E2B00D3FECB /* CopyFiles */ = {
			isa = PBXCopyFilesBuildPhase;
			buildActionMask = 2147483647;
			dstPath = /usr/share/man/man1/;
			dstSubfolderSpec = 0;
			files = (
			);
			runOnlyForDeploymentPostprocessing = 1;
		};
/* End PBXCopyFilesBuildPhase section */

/* Begin PBXFileReference section */
		A2372AD81B515E2B00D3FECB /* console */ = {isa = PBXFileReference; explicitFileType = "compiled.mach-o.executable"; includeInIndex = 0; path = console; sourceTree = BUILT_PRODUCTS_DIR; };
		A2372ADB1B515E2B00D3FECB /* main.m */ = {isa = PBXFileReference; lastKnownFileType = sourcecode.c.objc; path = main.m; sourceTree = "<group>"; };
		A2AFD42D1B51FE550003C5FF /* XYZPerson.h */ = {isa = PBXFileReference; fileEncoding = 4; lastKnownFileType = sourcecode.c.h; path = XYZPerson.h; sourceTree = "<group>"; };
		A2AFD42E1B51FE550003C5FF /* XYZPerson.m */ = {isa = PBXFileReference; fileEncoding = 4; lastKnownFileType = sourcecode.c.objc; path = XYZPerson.m; sourceTree = "<group>"; };
		A2AFD4301B520A160003C5FF /* XYZShoutingPerson.h */ = {isa = PBXFileReference; fileEncoding = 4; lastKnownFileType = sourcecode.c.h; path = XYZShoutingPerson.h; sourceTree = "<group>"; };
		A2AFD4311B520A160003C5FF /* XYZShoutingPerson.m */ = {isa = PBXFileReference; fileEncoding = 4; lastKnownFileType = sourcecode.c.objc; path = XYZShoutingPerson.m; sourceTree = "<group>"; };
/* End PBXFileReference section */

/* Begin PBXFrameworksBuildPhase section */
		A2372AD51B515E2B00D3FECB /* Frameworks */ = {
			isa = PBXFrameworksBuildPhase;
			buildActionMask = 2147483647;
			files = (
			);
			runOnlyForDeploymentPostprocessing = 0;
		};
/* End PBXFrameworksBuildPhase section */

/* Begin PBXGroup section */
		A2372ACF1B515E2B00D3FECB = {
			isa = PBXGroup;
			children = (
				A2372ADA1B515E2B00D3FECB /* console */,
				A2372AD91B515E2B00D3FECB /* Products */,
			);
			sourceTree = "<group>";
		};
		A2372AD91B515E2B00D3FECB /* Products */ = {
			isa = PBXGroup;
			children = (
				A2372AD81B515E2B00D3FECB /* console */,
			);
			name = Products;
			sourceTree = "<group>";
		};
		A2372ADA1B515E2B00D3FECB /* console */ = {
			isa = PBXGroup;
			children = (
				A2372ADB1B515E2B00D3FECB /* main.m */,
				A2AFD42D1B51FE550003C5FF /* XYZPerson.h */,
				A2AFD42E1B51FE550003C5FF /* XYZPerson.m */,
				A2AFD4301B520A160003C5FF /* XYZShoutingPerson.h */,
				A2AFD4311B520A160003C5FF /* XYZShoutingPerson.m */,
			);
			path = console;
			sourceTree = "<group>";
		};
/* End PBXGroup section */

/* Begin PBXNativeTarget section */
		A2372AD71B515E2B00D3FECB /* console */ = {
			isa = PBXNativeTarget;
			buildConfigurationList = A2372ADF1B515E2B00D3FECB /* Build configuration list for PBXNativeTarget "console" */;
			buildPhases = (
				A2372AD41B515E2B00D3FECB /* Sources */,
				A2372AD51B515E2B00D3FECB /* Frameworks */,
				A2372AD61B515E2B00D3FECB /* CopyFiles */,
			);
			buildRules = (
			);
			dependencies = (
			);
			name = console;
			productName = console;
			productReference = A2372AD81B515E2B00D3FECB /* console */;
			productType = "com.apple.product-type.tool";
		};
/* End PBXNativeTarget section */

/* Begin PBXProject section */
		A2372AD01B515E2B00D3FECB /* Project object */ = {
			isa = PBXProject;
			attributes = {
				LastUpgradeCheck = 0640;
				ORGANIZATIONNAME = malei;
				TargetAttributes = {
					A2372AD71B515E2B00D3FECB = {
						CreatedOnToolsVersion = 6.4;
					};
				};
			};
			buildConfigurationList = A2372AD31B515E2B00D3FECB /* Build configuration list for PBXProject "console" */;
			compatibilityVersion = "Xcode 3.2";
			developmentRegion = English;
			hasScannedForEncodings = 0;
			knownRegions = (
				en,
			);
			mainGroup = A2372ACF1B515E2B00D3FECB;
			productRefGroup = A2372AD91B515E2B00D3FECB /* Products */;
			projectDirPath = "";
			projectRoot = "";
			targets = (
				A2372AD71B515E2B00D3FECB /* console */,
			);
		};
/* End PBXProject section */

/* Begin PBXSourcesBuildPhase section */
		A2372AD41B515E2B00D3FECB /* Sources */ = {
			isa = PBXSourcesBuildPhase;
			buildActionMask = 2147483647;
			files = (
				A2AFD42F1B51FE550003C5FF /* XYZPerson.m in Sources */,
				A2AFD4321B520A160003C5FF /* XYZShoutingPerson.m in Sources */,
				A2372ADC1B515E2B00D3FECB /* main.m in Sources */,
			);
			runOnlyForDeploymentPostprocessing = 0;
		};
/* End PBXSourcesBuildPhase section */

/* Begin XCBuildConfiguration section */
		A2372ADD1B515E2B00D3FECB /* Debug */ = {
			isa = XCBuildConfiguration;
			buildSettings = {
				ALWAYS_SEARCH_USER_PATHS = NO;
				CLANG_CXX_LANGUAGE_STANDARD = "gnu++0x";
				CLANG_CXX_LIBRARY = "libc++";
				CLANG_ENABLE_MODULES = YES;
				CLANG_ENABLE_OBJC_ARC = YES;
				CLANG_WARN_BOOL_CONVERSION = YES;
				CLANG_WARN_CONSTANT_CONVERSION = YES;
				CLANG_WARN_DIRECT_OBJC_ISA_USAGE = YES_ERROR;
				CLANG_WARN_EMPTY_BODY = YES;
				CLANG_WARN_ENUM_CONVERSION = YES;
				CLANG_WARN_INT_CONVERSION = YES;
				CLANG_WARN_OBJC_ROOT_CLASS = YES_ERROR;
				CLANG_WARN_UNREACHABLE_CODE = YES;
				CLANG_WARN__DUPLICATE_METHOD_MATCH = YES;
				COPY_PHASE_STRIP = NO;
				DEBUG_INFORMATION_FORMAT = dwarf;
				ENABLE_STRICT_OBJC_MSGSEND = YES;
				GCC_C_LANGUAGE_STANDARD = gnu99;
				GCC_DYNAMIC_NO_PIC = NO;
				GCC_NO_COMMON_BLOCKS = YES;
				GCC_OPTIMIZATION_LEVEL = 0;
				GCC_PREPROCESSOR_DEFINITIONS = (
					"DEBUG=1",
					"$(inherited)",
				);
				GCC_SYMBOLS_PRIVATE_EXTERN = NO;
				GCC_WARN_64_TO_32_BIT_CONVERSION = YES;
				GCC_WARN_ABOUT_RETURN_TYPE = YES_ERROR;
				GCC_WARN_UNDECLARED_SELECTOR = YES;
				GCC_WARN_UNINITIALIZED_AUTOS = YES_AGGRESSIVE;
				GCC_WARN_UNUSED_FUNCTION = YES;
				GCC_WARN_UNUSED_VARIABLE = YES;
				MACOSX_DEPLOYMENT_TARGET = 10.10;
				MTL_ENABLE_DEBUG_INFO = YES;
				ONLY_ACTIVE_ARCH = YES;
				SDKROOT = macosx;
			};
			name = Debug;
		};
		A2372ADE1B515E2B00D3FECB /* Release */ = {
			isa = XCBuildConfiguration;
			buildSettings = {
				ALWAYS_SEARCH_USER_PATHS = NO;
				CLANG_CXX_LANGUAGE_STANDARD = "gnu++0x";
				CLANG_CXX_LIBRARY = "libc++";
				CLANG_ENABLE_MODULES = YES;
				CLANG_ENABLE_OBJC_ARC = YES;
				CLANG_WARN_BOOL_CONVERSION = YES;
				CLANG_WARN_CONSTANT_CONVERSION = YES;
				CLANG_WARN_DIRECT_OBJC_ISA_USAGE = YES_ERROR;
				CLANG_WARN_EMPTY_BODY = YES;
				CLANG_WARN_ENUM_CONVERSION = YES;
				CLANG_WARN_INT_CONVERSION = YES;
				CLANG_WARN_OBJC_ROOT_CLASS = YES_ERROR;
				CLANG_WARN_UNREACHABLE_CODE = YES;
				CLANG_WARN__DUPLICATE_METHOD_MATCH = YES;
				COPY_PHASE_STRIP = NO;
				DEBUG_INFORMATION_FORMAT = "dwarf-with-dsym";
				ENABLE_NS_ASSERTIONS = NO;
				ENABLE_STRICT_OBJC_MSGSEND = YES;
				GCC_C_LANGUAGE_STANDARD = gnu99;
				GCC_NO_COMMON_BLOCKS = YES;
				GCC_WARN_64_TO_32_BIT_CONVERSION = YES;
				GCC_WARN_ABOUT_RETURN_TYPE = YES_ERROR;
				GCC_WARN_UNDECLARED_SELECTOR = YES;
				GCC_WARN_UNINITIALIZED_AUTOS = YES_AGGRESSIVE;
				GCC_WARN_UNUSED_FUNCTION = YES;
				GCC_WARN_UNUSED_VARIABLE = YES;
				MACOSX_DEPLOYMENT_TARGET = 10.10;
				MTL_ENABLE_DEBUG_INFO = NO;
				SDKROOT = macosx;
			};
			name = Release;
		};
		A2372AE01B515E2B00D3FECB /* Debug */ = {
			isa = XCBuildConfiguration;
			buildSettings = {
				PRODUCT_NAME = "$(TARGET_NAME)";
			};
			name = Debug;
		};
		A2372AE11B515E2B00D3FECB /* Release */ = {
			isa = XCBuildConfiguration;
			buildSettings = {
				MTL_ENABLE_DEBUG_INFO = YES;
				PRODUCT_NAME = "$(TARGET_NAME)";
			};
			name = Release;
		};
/* End XCBuildConfiguration section */

/* Begin XCConfigurationList section */
		A2372AD31B515E2B00D3FECB /* Build configuration list for PBXProject "console" */ = {
			isa = XCConfigurationList;
			buildConfigurations = (
				A2372ADD1B515E2B00D3FECB /* Debug */,
				A2372ADE1B515E2B00D3FECB /* Release */,
			);
			defaultConfigurationIsVisible = 0;
			defaultConfigurationName = Release;
		};
		A2372ADF1B515E2B00D3FECB /* Build configuration list for PBXNativeTarget "console" */ = {
			isa = XCConfigurationList;
			buildConfigurations = (
				A2372AE01B515E2B00D3FECB /* Debug */,
				A2372AE11B515E2B00D3FECB /* Release */,
			);
			defaultConfigurationIsVisible = 0;
			defaultConfigurationName = Release;
		};
/* End XCConfigurationList section */
	};
	rootObject = A2372AD01B515E2B00D3FECB /* Project object */;
}
